
Microsoft Visual Studio Solution File, Format Version 12.00
# Visual Studio Version 16
VisualStudioVersion = 16.0.29230.47
MinimumVisualStudioVersion = 10.0.40219.1
Project("{FAE04EC0-301F-11D3-BF4B-00C04F79EFBC}") = "singleton-pattern", "singleton-pattern\singleton-pattern.csproj", "{5779CA2A-BFBA-4DF1-A31D-2A38378ACEEE}"
EndProject
Global
	GlobalSection(SolutionConfigurationPlatforms) = preSolution
		Debug|Any CPU = Debug|Any CPU
		Release|Any CPU = Release|Any CPU
	EndGlobalSection
	GlobalSection(ProjectConfigurationPlatforms) = postSolution
		{5779CA2A-BFBA-4DF1-A31D-2A38378ACEEE}.Debug|Any CPU.ActiveCfg = Debug|Any CPU
		{5779CA2A-BFBA-4DF1-A31D-2A38378ACEEE}.Debug|Any CPU.Build.0 = Debug|Any CPU
		{5779CA2A-BFBA-4DF1-A31D-2A38378ACEEE}.Release|Any CPU.ActiveCfg = Release|Any CPU
		{5779CA2A-BFBA-4DF1-A31D-2A38378ACEEE}.Release|Any CPU.Build.0 = Release|Any CPU
	EndGlobalSection
	GlobalSection(SolutionProperties) = preSolution
		HideSolutionNode = FALSE
	EndGlobalSection
	GlobalSection(ExtensibilityGlobals) = postSolution
		SolutionGuid = {3828B79B-6461-4DBE-B73F-59E7281E6544}
	EndGlobalSection
EndGlobal
